// !$*UTF8*$!
{
	archiveVersion = 1;
	classes = {
	};
	objectVersion = 77;
	objects = {

/* Begin PBXBuildFile section */
		7B15D1132FE86D4F00F13C0B /* WidgetKit.framework in Frameworks */ = {isa = PBXBuildFile; fileRef = 7B90A45F2FDFE9A80078E9C8 /* WidgetKit.framework */; };
		7B15D1142FE86D4F00F13C0B /* SwiftUI.framework in Frameworks */ = {isa = PBXBuildFile; fileRef = 7B90A4612FDFE9A80078E9C8 /* SwiftUI.framework */; };
		7B15D1232FE86D5100F13C0B /* SeshWidgetExtension.appex in Embed Foundation Extensions */ = {isa = PBXBuildFile; fileRef = 7B15D1122FE86D4F00F13C0B /* SeshWidgetExtension.appex */; settings = {ATTRIBUTES = (RemoveHeadersOnCopy, ); }; };
/* End PBXBuildFile section */

/* Begin PBXContainerItemProxy section */
		7B15D1212FE86D5100F13C0B /* PBXContainerItemProxy */ = {
			isa = PBXContainerItemProxy;
			containerPortal = 7B2DD4F12FDF181D00E3B22C /* Project object */;
			proxyType = 1;
			remoteGlobalIDString = 7B15D1112FE86D4F00F13C0B;
			remoteInfo = SeshWidgetExtension;
		};
/* End PBXContainerItemProxy section */

/* Begin PBXCopyFilesBuildPhase section */
		7B90A4742FDFE9AC0078E9C8 /* Embed Foundation Extensions */ = {
			isa = PBXCopyFilesBuildPhase;
			buildActionMask = 2147483647;
			dstPath = "";
			dstSubfolderSpec = 13;
			files = (
				7B15D1232FE86D5100F13C0B /* SeshWidgetExtension.appex in Embed Foundation Extensions */,
			);
			name = "Embed Foundation Extensions";
			runOnlyForDeploymentPostprocessing = 0;
		};
/* End PBXCopyFilesBuildPhase section */

/* Begin PBXFileReference section */
		7B15D1122FE86D4F00F13C0B /* SeshWidgetExtension.appex */ = {isa = PBXFileReference; explicitFileType = "wrapper.app-extension"; includeInIndex = 0; path = SeshWidgetExtension.appex; sourceTree = BUILT_PRODUCTS_DIR; };
		7B2DD4F92FDF181D00E3B22C /* The SESH..app */ = {isa = PBXFileReference; explicitFileType = wrapper.application; includeInIndex = 0; path = "The SESH..app"; sourceTree = BUILT_PRODUCTS_DIR; };
		7B90A45F2FDFE9A80078E9C8 /* WidgetKit.framework */ = {isa = PBXFileReference; lastKnownFileType = wrapper.framework; name = WidgetKit.framework; path = System/Library/Frameworks/WidgetKit.framework; sourceTree = SDKROOT; };
		7B90A4612FDFE9A80078E9C8 /* SwiftUI.framework */ = {isa = PBXFileReference; lastKnownFileType = wrapper.framework; name = SwiftUI.framework; path = System/Library/Frameworks/SwiftUI.framework; sourceTree = SDKROOT; };
		7B90A4B52FDFF7280078E9C8 /* SeshWidgetExtension.entitlements */ = {isa = PBXFileReference; lastKnownFileType = text.plist.entitlements; path = SeshWidgetExtension.entitlements; sourceTree = "<group>"; };
/* End PBXFileReference section */

/* Begin PBXFileSystemSynchronizedBuildFileExceptionSet section */
		7B15D1242FE86D5100F13C0B /* Exceptions for "SeshWidget" folder in "SeshWidgetExtension" target */ = {
			isa = PBXFileSystemSynchronizedBuildFileExceptionSet;
			membershipExceptions = (
				Info.plist,
			);
			target = 7B15D1112FE86D4F00F13C0B /* SeshWidgetExtension */;
		};
		7B15D12D2FE86EA900F13C0B /* Exceptions for "The SESH." folder in "SeshWidgetExtension" target */ = {
			isa = PBXFileSystemSynchronizedBuildFileExceptionSet;
			membershipExceptions = (
				SeshActivityAttributes.swift,
			);
			target = 7B15D1112FE86D4F00F13C0B /* SeshWidgetExtension */;
		};
/* End PBXFileSystemSynchronizedBuildFileExceptionSet section */

/* Begin PBXFileSystemSynchronizedRootGroup section */
		7B15D1152FE86D4F00F13C0B /* SeshWidget */ = {
			isa = PBXFileSystemSynchronizedRootGroup;
			exceptions = (
				7B15D1242FE86D5100F13C0B /* Exceptions for "SeshWidget" folder in "SeshWidgetExtension" target */,
			);
			path = SeshWidget;
			sourceTree = "<group>";
		};
		7B2DD4FB2FDF181D00E3B22C /* The SESH. */ = {
			isa = PBXFileSystemSynchronizedRootGroup;
			exceptions = (
				7B15D12D2FE86EA900F13C0B /* Exceptions for "The SESH." folder in "SeshWidgetExtension" target */,
			);
			path = "The SESH.";
			sourceTree = "<group>";
		};
		7B90A49F2FDFF5F70078E9C8 /* SeshWidget */ = {
			isa = PBXFileSystemSynchronizedRootGroup;
			path = SeshWidget;
			sourceTree = "<group>";
		};
/* End PBXFileSystemSynchronizedRootGroup section */

/* Begin PBXFrameworksBuildPhase section */
		7B15D10F2FE86D4F00F13C0B /* Frameworks */ = {
			isa = PBXFrameworksBuildPhase;
			buildActionMask = 2147483647;
			files = (
				7B15D1142FE86D4F00F13C0B /* SwiftUI.framework in Frameworks */,
				7B15D1132FE86D4F00F13C0B /* WidgetKit.framework in Frameworks */,
			);
			runOnlyForDeploymentPostprocessing = 0;
		};
		7B2DD4F62FDF181D00E3B22C /* Frameworks */ = {
			isa = PBXFrameworksBuildPhase;
			buildActionMask = 2147483647;
			files = (
			);
			runOnlyForDeploymentPostprocessing = 0;
		};
/* End PBXFrameworksBuildPhase section */

/* Begin PBXGroup section */
		7B2DD4F02FDF181D00E3B22C = {
			isa = PBXGroup;
			children = (
				7B90A4B52FDFF7280078E9C8 /* SeshWidgetExtension.entitlements */,
				7B2DD4FB2FDF181D00E3B22C /* The SESH. */,
				7B90A49F2FDFF5F70078E9C8 /* SeshWidget */,
				7B15D1152FE86D4F00F13C0B /* SeshWidget */,
				7B90A45E2FDFE9A80078E9C8 /* Frameworks */,
				7B2DD4FA2FDF181D00E3B22C /* Products */,
			);
			sourceTree = "<group>";
		};
		7B2DD4FA2FDF181D00E3B22C /* Products */ = {
			isa = PBXGroup;
			children = (
				7B2DD4F92FDF181D00E3B22C /* The SESH..app */,
				7B15D1122FE86D4F00F13C0B /* SeshWidgetExtension.appex */,
			);
			name = Products;
			sourceTree = "<group>";
		};
		7B90A45E2FDFE9A80078E9C8 /* Frameworks */ = {
			isa = PBXGroup;
			children = (
				7B90A45F2FDFE9A80078E9C8 /* WidgetKit.framework */,
				7B90A4612FDFE9A80078E9C8 /* SwiftUI.framework */,
			);
			name = Frameworks;
			sourceTree = "<group>";
		};
/* End PBXGroup section */

/* Begin PBXNativeTarget section */
		7B15D1112FE86D4F00F13C0B /* SeshWidgetExtension */ = {
			isa = PBXNativeTarget;
			buildConfigurationList = 7B15D1252FE86D5100F13C0B /* Build configuration list for PBXNativeTarget "SeshWidgetExtension" */;
			buildPhases = (
				7B15D10E2FE86D4F00F13C0B /* Sources */,
				7B15D10F2FE86D4F00F13C0B /* Frameworks */,
				7B15D1102FE86D4F00F13C0B /* Resources */,
			);
			buildRules = (
			);
			dependencies = (
			);
			fileSystemSynchronizedGroups = (
				7B15D1152FE86D4F00F13C0B /* SeshWidget */,
			);
			name = SeshWidgetExtension;
			packageProductDependencies = (
			);
			productName = SeshWidgetExtension;
			productReference = 7B15D1122FE86D4F00F13C0B /* SeshWidgetExtension.appex */;
			productType = "com.apple.product-type.app-extension";
		};
		7B2DD4F82FDF181D00E3B22C /* The SESH. */ = {
			isa = PBXNativeTarget;
			buildConfigurationList = 7B2DD5062FDF182200E3B22C /* Build configuration list for PBXNativeTarget "The SESH." */;
			buildPhases = (
				7B2DD4F52FDF181D00E3B22C /* Sources */,
				7B2DD4F62FDF181D00E3B22C /* Frameworks */,
				7B2DD4F72FDF181D00E3B22C /* Resources */,
				7B90A4742FDFE9AC0078E9C8 /* Embed Foundation Extensions */,
			);
			buildRules = (
			);
			dependencies = (
				7B15D1222FE86D5100F13C0B /* PBXTargetDependency */,
			);
			fileSystemSynchronizedGroups = (
				7B2DD4FB2FDF181D00E3B22C /* The SESH. */,
			);
			name = "The SESH.";
			packageProductDependencies = (
			);
			productName = "The SESH.";
			productReference = 7B2DD4F92FDF181D00E3B22C /* The SESH..app */;
			productType = "com.apple.product-type.application";
		};
/* End PBXNativeTarget section */

/* Begin PBXProject section */
		7B2DD4F12FDF181D00E3B22C /* Project object */ = {
			isa = PBXProject;
			attributes = {
				BuildIndependentTargetsInParallel = 1;
				LastSwiftUpdateCheck = 2630;
				LastUpgradeCheck = 2630;
				TargetAttributes = {
					7B15D1112FE86D4F00F13C0B = {
						CreatedOnToolsVersion = 26.3;
					};
					7B2DD4F82FDF181D00E3B22C = {
						CreatedOnToolsVersion = 26.3;
						LastSwiftMigration = 2630;
					};
				};
			};
			buildConfigurationList = 7B2DD4F42FDF181D00E3B22C /* Build configuration list for PBXProject "The SESH." */;
			developmentRegion = en;
			hasScannedForEncodings = 0;
			knownRegions = (
				en,
				Base,
			);
			mainGroup = 7B2DD4F02FDF181D00E3B22C;
			minimizedProjectReferenceProxies = 1;
			preferredProjectObjectVersion = 77;
			productRefGroup = 7B2DD4FA2FDF181D00E3B22C /* Products */;
			projectDirPath = "";
			projectRoot = "";
			targets = (
				7B2DD4F82FDF181D00E3B22C /* The SESH. */,
				7B15D1112FE86D4F00F13C0B /* SeshWidgetExtension */,
			);
		};
/* End PBXProject section */

/* Begin PBXResourcesBuildPhase section */
		7B15D1102FE86D4F00F13C0B /* Resources */ = {
			isa = PBXResourcesBuildPhase;
			buildActionMask = 2147483647;
			files = (
			);
			runOnlyForDeploymentPostprocessing = 0;
		};
		7B2DD4F72FDF181D00E3B22C /* Resources */ = {
			isa = PBXResourcesBuildPhase;
			buildActionMask = 2147483647;
			files = (
			);
			runOnlyForDeploymentPostprocessing = 0;
		};
/* End PBXResourcesBuildPhase section */

/* Begin PBXSourcesBuildPhase section */
		7B15D10E2FE86D4F00F13C0B /* Sources */ = {
			isa = PBXSourcesBuildPhase;
			buildActionMask = 2147483647;
			files = (
			);
			runOnlyForDeploymentPostprocessing = 0;
		};
		7B2DD4F52FDF181D00E3B22C /* Sources */ = {
			isa = PBXSourcesBuildPhase;
			buildActionMask = 2147483647;
			files = (
			);
			runOnlyForDeploymentPostprocessing = 0;
		};
/* End PBXSourcesBuildPhase section */

/* Begin PBXTargetDependency section */
		7B15D1222FE86D5100F13C0B /* PBXTargetDependency */ = {
			isa = PBXTargetDependency;
			target = 7B15D1112FE86D4F00F13C0B /* SeshWidgetExtension */;
			targetProxy = 7B15D1212FE86D5100F13C0B /* PBXContainerItemProxy */;
		};
/* End PBXTargetDependency section */

/* Begin XCBuildConfiguration section */
		7B15D1262FE86D5100F13C0B /* Debug */ = {
			isa = XCBuildConfiguration;
			buildSettings = {
				ASSETCATALOG_COMPILER_GLOBAL_ACCENT_COLOR_NAME = AccentColor;
				ASSETCATALOG_COMPILER_WIDGET_BACKGROUND_COLOR_NAME = WidgetBackground;
				CODE_SIGN_ENTITLEMENTS = SeshWidgetExtension.entitlements;
				CODE_SIGN_STYLE = Automatic;
				CURRENT_PROJECT_VERSION = 58;
				DEVELOPMENT_TEAM = 5DV5N49VG8;
				GENERATE_INFOPLIST_FILE = YES;
				INFOPLIST_FILE = SeshWidget/Info.plist;
				INFOPLIST_KEY_CFBundleDisplayName = SeshWidget;
				INFOPLIST_KEY_NSHumanReadableCopyright = "";
				LD_RUNPATH_SEARCH_PATHS = (
					"$(inherited)",
					"@executable_path/Frameworks",
					"@executable_path/../../Frameworks",
				);
				MARKETING_VERSION = 57;
				PRODUCT_BUNDLE_IDENTIFIER = "com.sowens.The-SESH-.SeshWidget";
				PRODUCT_NAME = "$(TARGET_NAME)";
				SKIP_INSTALL = YES;
				STRING_CATALOG_GENERATE_SYMBOLS = YES;
				SWIFT_APPROACHABLE_CONCURRENCY = YES;
				SWIFT_EMIT_LOC_STRINGS = YES;
				SWIFT_UPCOMING_FEATURE_MEMBER_IMPORT_VISIBILITY = YES;
				SWIFT_VERSION = 5.0;
				TARGETED_DEVICE_FAMILY = "1,2";
			};
			name = Debug;
		};
		7B15D1272FE86D5100F13C0B /* Release */ = {
			isa = XCBuildConfiguration;
			buildSettings = {
				ASSETCATALOG_COMPILER_GLOBAL_ACCENT_COLOR_NAME = AccentColor;
				ASSETCATALOG_COMPILER_WIDGET_BACKGROUND_COLOR_NAME = WidgetBackground;
				CODE_SIGN_ENTITLEMENTS = SeshWidgetExtension.entitlements;
				CODE_SIGN_STYLE = Automatic;
				CURRENT_PROJECT_VERSION = 58;
				DEVELOPMENT_TEAM = 5DV5N49VG8;
				GENERATE_INFOPLIST_FILE = YES;
				INFOPLIST_FILE = SeshWidget/Info.plist;
				INFOPLIST_KEY_CFBundleDisplayName = SeshWidget;
				INFOPLIST_KEY_NSHumanReadableCopyright = "";
				LD_RUNPATH_SEARCH_PATHS = (
					"$(inherited)",
					"@executable_path/Frameworks",
					"@executable_path/../../Frameworks",
				);
				MARKETING_VERSION = 57;
				PRODUCT_BUNDLE_IDENTIFIER = "com.sowens.The-SESH-.SeshWidget";
				PRODUCT_NAME = "$(TARGET_NAME)";
				SKIP_INSTALL = YES;
				STRING_CATALOG_GENERATE_SYMBOLS = YES;
				SWIFT_APPROACHABLE_CONCURRENCY = YES;
				SWIFT_EMIT_LOC_STRINGS = YES;
				SWIFT_UPCOMING_FEATURE_MEMBER_IMPORT_VISIBILITY = YES;
				SWIFT_VERSION = 5.0;
				TARGETED_DEVICE_FAMILY = "1,2";
			};
			name = Release;
		};
		7B2DD5042FDF182200E3B22C /* Debug */ = {
			isa = XCBuildConfiguration;
			buildSettings = {
				ALWAYS_SEARCH_USER_PATHS = NO;
				ASSETCATALOG_COMPILER_GENERATE_SWIFT_ASSET_SYMBOL_EXTENSIONS = YES;
				CLANG_ANALYZER_NONNULL = YES;
				CLANG_ANALYZER_NUMBER_OBJECT_CONVERSION = YES_AGGRESSIVE;
				CLANG_CXX_LANGUAGE_STANDARD = "gnu++20";
				CLANG_ENABLE_MODULES = YES;
				CLANG_ENABLE_OBJC_ARC = YES;
				CLANG_ENABLE_OBJC_WEAK = YES;
				CLANG_WARN_BLOCK_CAPTURE_AUTORELEASING = YES;
				CLANG_WARN_BOOL_CONVERSION = YES;
				CLANG_WARN_COMMA = YES;
				CLANG_WARN_CONSTANT_CONVERSION = YES;
				CLANG_WARN_DEPRECATED_OBJC_IMPLEMENTATIONS = YES;
				CLANG_WARN_DIRECT_OBJC_ISA_USAGE = YES_ERROR;
				CLANG_WARN_DOCUMENTATION_COMMENTS = YES;
				CLANG_WARN_EMPTY_BODY = YES;
				CLANG_WARN_ENUM_CONVERSION = YES;
				CLANG_WARN_INFINITE_RECURSION = YES;
				CLANG_WARN_INT_CONVERSION = YES;
				CLANG_WARN_NON_LITERAL_NULL_CONVERSION = YES;
				CLANG_WARN_OBJC_IMPLICIT_RETAIN_SELF = YES;
				CLANG_WARN_OBJC_LITERAL_CONVERSION = YES;
				CLANG_WARN_OBJC_ROOT_CLASS = YES_ERROR;
				CLANG_WARN_QUOTED_INCLUDE_IN_FRAMEWORK_HEADER = YES;
				CLANG_WARN_RANGE_LOOP_ANALYSIS = YES;
				CLANG_WARN_STRICT_PROTOTYPES = YES;
				CLANG_WARN_SUSPICIOUS_MOVE = YES;
				CLANG_WARN_UNGUARDED_AVAILABILITY = YES_AGGRESSIVE;
				CLANG_WARN_UNREACHABLE_CODE = YES;
				CLANG_WARN__DUPLICATE_METHOD_MATCH = YES;
				COPY_PHASE_STRIP = NO;
				DEBUG_INFORMATION_FORMAT = dwarf;
				DEVELOPMENT_TEAM = 5DV5N49VG8;
				ENABLE_STRICT_OBJC_MSGSEND = YES;
				ENABLE_TESTABILITY = YES;
				ENABLE_USER_SCRIPT_SANDBOXING = YES;
				GCC_C_LANGUAGE_STANDARD = gnu17;
				GCC_DYNAMIC_NO_PIC = NO;
				GCC_NO_COMMON_BLOCKS = YES;
				GCC_OPTIMIZATION_LEVEL = 0;
				GCC_PREPROCESSOR_DEFINITIONS = (
					"DEBUG=1",
					"$(inherited)",
				);
				GCC_WARN_64_TO_32_BIT_CONVERSION = YES;
				GCC_WARN_ABOUT_RETURN_TYPE = YES_ERROR;
				GCC_WARN_UNDECLARED_SELECTOR = YES;
				GCC_WARN_UNINITIALIZED_AUTOS = YES_AGGRESSIVE;
				GCC_WARN_UNUSED_FUNCTION = YES;
				GCC_WARN_UNUSED_VARIABLE = YES;
				IPHONEOS_DEPLOYMENT_TARGET = 26.2;
				LOCALIZATION_PREFERS_STRING_CATALOGS = YES;
				MTL_ENABLE_DEBUG_INFO = INCLUDE_SOURCE;
				MTL_FAST_MATH = YES;
				ONLY_ACTIVE_ARCH = YES;
				SDKROOT = iphoneos;
				SWIFT_ACTIVE_COMPILATION_CONDITIONS = "DEBUG $(inherited)";
				SWIFT_OPTIMIZATION_LEVEL = "-Onone";
			};
			name = Debug;
		};
		7B2DD5052FDF182200E3B22C /* Release */ = {
			isa = XCBuildConfiguration;
			buildSettings = {
				ALWAYS_SEARCH_USER_PATHS = NO;
				ASSETCATALOG_COMPILER_GENERATE_SWIFT_ASSET_SYMBOL_EXTENSIONS = YES;
				CLANG_ANALYZER_NONNULL = YES;
				CLANG_ANALYZER_NUMBER_OBJECT_CONVERSION = YES_AGGRESSIVE;
				CLANG_CXX_LANGUAGE_STANDARD = "gnu++20";
				CLANG_ENABLE_MODULES = YES;
				CLANG_ENABLE_OBJC_ARC = YES;
				CLANG_ENABLE_OBJC_WEAK = YES;
				CLANG_WARN_BLOCK_CAPTURE_AUTORELEASING = YES;
				CLANG_WARN_BOOL_CONVERSION = YES;
				CLANG_WARN_COMMA = YES;
				CLANG_WARN_CONSTANT_CONVERSION = YES;
				CLANG_WARN_DEPRECATED_OBJC_IMPLEMENTATIONS = YES;
				CLANG_WARN_DIRECT_OBJC_ISA_USAGE = YES_ERROR;
				CLANG_WARN_DOCUMENTATION_COMMENTS = YES;
				CLANG_WARN_EMPTY_BODY = YES;
				CLANG_WARN_ENUM_CONVERSION = YES;
				CLANG_WARN_INFINITE_RECURSION = YES;
				CLANG_WARN_INT_CONVERSION = YES;
				CLANG_WARN_NON_LITERAL_NULL_CONVERSION = YES;
				CLANG_WARN_OBJC_IMPLICIT_RETAIN_SELF = YES;
				CLANG_WARN_OBJC_LITERAL_CONVERSION = YES;
				CLANG_WARN_OBJC_ROOT_CLASS = YES_ERROR;
				CLANG_WARN_QUOTED_INCLUDE_IN_FRAMEWORK_HEADER = YES;
				CLANG_WARN_RANGE_LOOP_ANALYSIS = YES;
				CLANG_WARN_STRICT_PROTOTYPES = YES;
				CLANG_WARN_SUSPICIOUS_MOVE = YES;
				CLANG_WARN_UNGUARDED_AVAILABILITY = YES_AGGRESSIVE;
				CLANG_WARN_UNREACHABLE_CODE = YES;
				CLANG_WARN__DUPLICATE_METHOD_MATCH = YES;
				COPY_PHASE_STRIP = NO;
				DEBUG_INFORMATION_FORMAT = "dwarf-with-dsym";
				DEVELOPMENT_TEAM = 5DV5N49VG8;
				ENABLE_NS_ASSERTIONS = NO;
				ENABLE_STRICT_OBJC_MSGSEND = YES;
				ENABLE_USER_SCRIPT_SANDBOXING = YES;
				GCC_C_LANGUAGE_STANDARD = gnu17;
				GCC_NO_COMMON_BLOCKS = YES;
				GCC_WARN_64_TO_32_BIT_CONVERSION = YES;
				GCC_WARN_ABOUT_RETURN_TYPE = YES_ERROR;
				GCC_WARN_UNDECLARED_SELECTOR = YES;
				GCC_WARN_UNINITIALIZED_AUTOS = YES_AGGRESSIVE;
				GCC_WARN_UNUSED_FUNCTION = YES;
				GCC_WARN_UNUSED_VARIABLE = YES;
				IPHONEOS_DEPLOYMENT_TARGET = 26.2;
				LOCALIZATION_PREFERS_STRING_CATALOGS = YES;
				MTL_ENABLE_DEBUG_INFO = NO;
				MTL_FAST_MATH = YES;
				SDKROOT = iphoneos;
				SWIFT_COMPILATION_MODE = wholemodule;
				VALIDATE_PRODUCT = YES;
			};
			name = Release;
		};
		7B2DD5072FDF182200E3B22C /* Debug */ = {
			isa = XCBuildConfiguration;
			buildSettings = {
				ASSETCATALOG_COMPILER_APPICON_NAME = AppIcon;
				ASSETCATALOG_COMPILER_GLOBAL_ACCENT_COLOR_NAME = AccentColor;
				CLANG_ENABLE_MODULES = YES;
				CODE_SIGN_ENTITLEMENTS = "The SESH./TheSESH.entitlements";
				CODE_SIGN_STYLE = Automatic;
				CURRENT_PROJECT_VERSION = 58;
				DEVELOPMENT_TEAM = 5DV5N49VG8;
				ENABLE_PREVIEWS = YES;
				GENERATE_INFOPLIST_FILE = YES;
				INFOPLIST_KEY_ITSAppUsesNonExemptEncryption = NO;
				INFOPLIST_KEY_NSAppleMusicUsageDescription = "The Sesh shows the song you're currently playing so you can share it with friends.";
				INFOPLIST_KEY_NSCameraUsageDescription = "The SESH uses your camera so you can snap a photo of your strain or sesh to add to your journal.";
				INFOPLIST_KEY_NSPhotoLibraryUsageDescription = "The SESH lets you add photos from your library to your sesh and strain entries.";
				INFOPLIST_KEY_NSSupportsLiveActivities = YES;
				INFOPLIST_KEY_UIApplicationSceneManifest_Generation = YES;
				INFOPLIST_KEY_UIApplicationSupportsIndirectInputEvents = YES;
				INFOPLIST_KEY_UILaunchScreen_Generation = YES;
				INFOPLIST_KEY_UISupportedInterfaceOrientations_iPad = "UIInterfaceOrientationPortrait UIInterfaceOrientationPortraitUpsideDown UIInterfaceOrientationLandscapeLeft UIInterfaceOrientationLandscapeRight";
				INFOPLIST_KEY_UISupportedInterfaceOrientations_iPhone = "UIInterfaceOrientationPortrait UIInterfaceOrientationLandscapeLeft UIInterfaceOrientationLandscapeRight";
				IPHONEOS_DEPLOYMENT_TARGET = 26.0;
				LD_RUNPATH_SEARCH_PATHS = (
					"$(inherited)",
					"@executable_path/Frameworks",
				);
				MARKETING_VERSION = 57;
				OTHER_SWIFT_FLAGS = "-Xfrontend -warn-long-function-bodies=500 -Xfrontend -warn-long-expression-type-checking=500";
				PRODUCT_BUNDLE_IDENTIFIER = "com.sowens.The-SESH-";
				PRODUCT_NAME = "$(TARGET_NAME)";
				STRING_CATALOG_GENERATE_SYMBOLS = YES;
				SWIFT_APPROACHABLE_CONCURRENCY = YES;
				SWIFT_DEFAULT_ACTOR_ISOLATION = MainActor;
				SWIFT_EMIT_LOC_STRINGS = YES;
				SWIFT_OPTIMIZATION_LEVEL = "-Onone";
				SWIFT_UPCOMING_FEATURE_MEMBER_IMPORT_VISIBILITY = YES;
				SWIFT_VERSION = 5.0;
				TARGETED_DEVICE_FAMILY = "1,2";
			};
			name = Debug;
		};
		7B2DD5082FDF182200E3B22C /* Release */ = {
			isa = XCBuildConfiguration;
			buildSettings = {
				ASSETCATALOG_COMPILER_APPICON_NAME = AppIcon;
				ASSETCATALOG_COMPILER_GLOBAL_ACCENT_COLOR_NAME = AccentColor;
				CLANG_ENABLE_MODULES = YES;
				CODE_SIGN_ENTITLEMENTS = "The SESH./The SESH.Release.entitlements";
				CODE_SIGN_STYLE = Automatic;
				CURRENT_PROJECT_VERSION = 58;
				DEVELOPMENT_TEAM = 5DV5N49VG8;
				ENABLE_PREVIEWS = YES;
				GENERATE_INFOPLIST_FILE = YES;
				INFOPLIST_KEY_ITSAppUsesNonExemptEncryption = NO;
				INFOPLIST_KEY_NSAppleMusicUsageDescription = "The Sesh shows the song you're currently playing so you can share it with friends.";
				INFOPLIST_KEY_NSCameraUsageDescription = "The SESH uses your camera so you can snap a photo of your strain or sesh to add to your journal.";
				INFOPLIST_KEY_NSPhotoLibraryUsageDescription = "The SESH lets you add photos from your library to your sesh and strain entries.";
				INFOPLIST_KEY_NSSupportsLiveActivities = YES;
				INFOPLIST_KEY_UIApplicationSceneManifest_Generation = YES;
				INFOPLIST_KEY_UIApplicationSupportsIndirectInputEvents = YES;
				INFOPLIST_KEY_UILaunchScreen_Generation = YES;
				INFOPLIST_KEY_UISupportedInterfaceOrientations_iPad = "UIInterfaceOrientationPortrait UIInterfaceOrientationPortraitUpsideDown UIInterfaceOrientationLandscapeLeft UIInterfaceOrientationLandscapeRight";
				INFOPLIST_KEY_UISupportedInterfaceOrientations_iPhone = "UIInterfaceOrientationPortrait UIInterfaceOrientationLandscapeLeft UIInterfaceOrientationLandscapeRight";
				IPHONEOS_DEPLOYMENT_TARGET = 26.0;
				LD_RUNPATH_SEARCH_PATHS = (
					"$(inherited)",
					"@executable_path/Frameworks",
				);
				MARKETING_VERSION = 57;
				OTHER_SWIFT_FLAGS = "-Xfrontend -warn-long-function-bodies=500 -Xfrontend -warn-long-expression-type-checking=500";
				PRODUCT_BUNDLE_IDENTIFIER = "com.sowens.The-SESH-";
				PRODUCT_NAME = "$(TARGET_NAME)";
				STRING_CATALOG_GENERATE_SYMBOLS = YES;
				SWIFT_APPROACHABLE_CONCURRENCY = YES;
				SWIFT_DEFAULT_ACTOR_ISOLATION = MainActor;
				SWIFT_EMIT_LOC_STRINGS = YES;
				SWIFT_UPCOMING_FEATURE_MEMBER_IMPORT_VISIBILITY = YES;
				SWIFT_VERSION = 5.0;
				TARGETED_DEVICE_FAMILY = "1,2";
			};
			name = Release;
		};
/* End XCBuildConfiguration section */

/* Begin XCConfigurationList section */
		7B15D1252FE86D5100F13C0B /* Build configuration list for PBXNativeTarget "SeshWidgetExtension" */ = {
			isa = XCConfigurationList;
			buildConfigurations = (
				7B15D1262FE86D5100F13C0B /* Debug */,
				7B15D1272FE86D5100F13C0B /* Release */,
			);
			defaultConfigurationIsVisible = 0;
			defaultConfigurationName = Release;
		};
		7B2DD4F42FDF181D00E3B22C /* Build configuration list for PBXProject "The SESH." */ = {
			isa = XCConfigurationList;
			buildConfigurations = (
				7B2DD5042FDF182200E3B22C /* Debug */,
				7B2DD5052FDF182200E3B22C /* Release */,
			);
			defaultConfigurationIsVisible = 0;
			defaultConfigurationName = Release;
		};
		7B2DD5062FDF182200E3B22C /* Build configuration list for PBXNativeTarget "The SESH." */ = {
			isa = XCConfigurationList;
			buildConfigurations = (
				7B2DD5072FDF182200E3B22C /* Debug */,
				7B2DD5082FDF182200E3B22C /* Release */,
			);
			defaultConfigurationIsVisible = 0;
			defaultConfigurationName = Release;
		};
/* End XCConfigurationList section */
	};
	rootObject = 7B2DD4F12FDF181D00E3B22C /* Project object */;
}
